
Microsoft Visual Studio Solution File, Format Version 12.00
# Visual Studio 2012
Project("{FAE04EC0-301F-11D3-BF4B-00C04F79EFBC}") = "GuessIt", "GuessIt\GuessIt.csproj", "{713FA5F1-FC21-4BA8-B66F-18955DF19F6A}"
EndProject
Global
	GlobalSection(SolutionConfigurationPlatforms) = preSolution
		Debug|iPhoneSimulator = Debug|iPhoneSimulator
		Release|iPhone = Release|iPhone
		Release|iPhoneSimulator = Release|iPhoneSimulator
		Debug|iPhone = Debug|iPhone
	EndGlobalSection
	GlobalSection(ProjectConfigurationPlatforms) = postSolution
		{713FA5F1-FC21-4BA8-B66F-18955DF19F6A}.Debug|iPhoneSimulator.ActiveCfg = Debug|iPhoneSimulator
		{713FA5F1-FC21-4BA8-B66F-18955DF19F6A}.Debug|iPhoneSimulator.Build.0 = Debug|iPhoneSimulator
		{713FA5F1-FC21-4BA8-B66F-18955DF19F6A}.Release|iPhone.ActiveCfg = Release|iPhone
		{713FA5F1-FC21-4BA8-B66F-18955DF19F6A}.Release|iPhone.Build.0 = Release|iPhone
		{713FA5F1-FC21-4BA8-B66F-18955DF19F6A}.Release|iPhoneSimulator.ActiveCfg = Release|iPhoneSimulator
		{713FA5F1-FC21-4BA8-B66F-18955DF19F6A}.Release|iPhoneSimulator.Build.0 = Release|iPhoneSimulator
		{713FA5F1-FC21-4BA8-B66F-18955DF19F6A}.Debug|iPhone.ActiveCfg = Debug|iPhone
		{713FA5F1-FC21-4BA8-B66F-18955DF19F6A}.Debug|iPhone.Build.0 = Debug|iPhone
	EndGlobalSection
EndGlobal
